// !$*UTF8*$!
{
	archiveVersion = 1;
	classes = {
	};
	objectVersion = 56;
	objects = {

/* Begin PBXBuildFile section */
		EE0FB6342BDD28D20074C615 /* moneygreenApp.swift in Sources */ = {isa = PBXBuildFile; fileRef = EE0FB6332BDD28D20074C615 /* moneygreenApp.swift */; };
		EE0FB6362BDD28D20074C615 /* ContentView.swift in Sources */ = {isa = PBXBuildFile; fileRef = EE0FB6352BDD28D20074C615 /* ContentView.swift */; };
		EE0FB6382BDD28D40074C615 /* Assets.xcassets in Resources */ = {isa = PBXBuildFile; fileRef = EE0FB6372BDD28D40074C615 /* Assets.xcassets */; };
		EE0FB63C2BDD28D40074C615 /* Preview Assets.xcassets in Resources */ = {isa = PBXBuildFile; fileRef = EE0FB63B2BDD28D40074C615 /* Preview Assets.xcassets */; };
		EE0FB6462BDD28D40074C615 /* moneygreenTests.swift in Sources */ = {isa = PBXBuildFile; fileRef = EE0FB6452BDD28D40074C615 /* moneygreenTests.swift */; };
		EE0FB6502BDD28D40074C615 /* moneygreenUITests.swift in Sources */ = {isa = PBXBuildFile; fileRef = EE0FB64F2BDD28D40074C615 /* moneygreenUITests.swift */; };
		EE0FB6522BDD28D40074C615 /* moneygreenUITestsLaunchTests.swift in Sources */ = {isa = PBXBuildFile; fileRef = EE0FB6512BDD28D40074C615 /* moneygreenUITestsLaunchTests.swift */; };
/* End PBXBuildFile section */

/* Begin PBXContainerItemProxy section */
		EE0FB6422BDD28D40074C615 /* PBXContainerItemProxy */ = {
			isa = PBXContainerItemProxy;
			containerPortal = EE0FB6282BDD28D20074C615 /* Project object */;
			proxyType = 1;
			remoteGlobalIDString = EE0FB62F2BDD28D20074C615;
			remoteInfo = moneygreen;
		};
		EE0FB64C2BDD28D40074C615 /* PBXContainerItemProxy */ = {
			isa = PBXContainerItemProxy;
			containerPortal = EE0FB6282BDD28D20074C615 /* Project object */;
			proxyType = 1;
			remoteGlobalIDString = EE0FB62F2BDD28D20074C615;
			remoteInfo = moneygreen;
		};
/* End PBXContainerItemProxy section */

/* Begin PBXFileReference section */
		EE0FB6302BDD28D20074C615 /* moneygreen.app */ = {isa = PBXFileReference; explicitFileType = wrapper.application; includeInIndex = 0; path = moneygreen.app; sourceTree = BUILT_PRODUCTS_DIR; };
		EE0FB6332BDD28D20074C615 /* moneygreenApp.swift */ = {isa = PBXFileReference; lastKnownFileType = sourcecode.swift; path = moneygreenApp.swift; sourceTree = "<group>"; };
		EE0FB6352BDD28D20074C615 /* ContentView.swift */ = {isa = PBXFileReference; lastKnownFileType = sourcecode.swift; path = ContentView.swift; sourceTree = "<group>"; };
		EE0FB6372BDD28D40074C615 /* Assets.xcassets */ = {isa = PBXFileReference; lastKnownFileType = folder.assetcatalog; path = Assets.xcassets; sourceTree = "<group>"; };
		EE0FB6392BDD28D40074C615 /* moneygreen.entitlements */ = {isa = PBXFileReference; lastKnownFileType = text.plist.entitlements; path = moneygreen.entitlements; sourceTree = "<group>"; };
		EE0FB63B2BDD28D40074C615 /* Preview Assets.xcassets */ = {isa = PBXFileReference; lastKnownFileType = folder.assetcatalog; path = "Preview Assets.xcassets"; sourceTree = "<group>"; };
		EE0FB6412BDD28D40074C615 /* moneygreenTests.xctest */ = {isa = PBXFileReference; explicitFileType = wrapper.cfbundle; includeInIndex = 0; path = moneygreenTests.xctest; sourceTree = BUILT_PRODUCTS_DIR; };
		EE0FB6452BDD28D40074C615 /* moneygreenTests.swift */ = {isa = PBXFileReference; lastKnownFileType = sourcecode.swift; path = moneygreenTests.swift; sourceTree = "<group>"; };
		EE0FB64B2BDD28D40074C615 /* moneygreenUITests.xctest */ = {isa = PBXFileReference; explicitFileType = wrapper.cfbundle; includeInIndex = 0; path = moneygreenUITests.xctest; sourceTree = BUILT_PRODUCTS_DIR; };
		EE0FB64F2BDD28D40074C615 /* moneygreenUITests.swift */ = {isa = PBXFileReference; lastKnownFileType = sourcecode.swift; path = moneygreenUITests.swift; sourceTree = "<group>"; };
		EE0FB6512BDD28D40074C615 /* moneygreenUITestsLaunchTests.swift */ = {isa = PBXFileReference; lastKnownFileType = sourcecode.swift; path = moneygreenUITestsLaunchTests.swift; sourceTree = "<group>"; };
/* End PBXFileReference section */

/* Begin PBXFrameworksBuildPhase section */
		EE0FB62D2BDD28D20074C615 /* Frameworks */ = {
			isa = PBXFrameworksBuildPhase;
			buildActionMask = 2147483647;
			files = (
			);
			runOnlyForDeploymentPostprocessing = 0;
		};
		EE0FB63E2BDD28D40074C615 /* Frameworks */ = {
			isa = PBXFrameworksBuildPhase;
			buildActionMask = 2147483647;
			files = (
			);
			runOnlyForDeploymentPostprocessing = 0;
		};
		EE0FB6482BDD28D40074C615 /* Frameworks */ = {
			isa = PBXFrameworksBuildPhase;
			buildActionMask = 2147483647;
			files = (
			);
			runOnlyForDeploymentPostprocessing = 0;
		};
/* End PBXFrameworksBuildPhase section */

/* Begin PBXGroup section */
		EE0FB6272BDD28D20074C615 = {
			isa = PBXGroup;
			children = (
				EE0FB6322BDD28D20074C615 /* moneygreen */,
				EE0FB6442BDD28D40074C615 /* moneygreenTests */,
				EE0FB64E2BDD28D40074C615 /* moneygreenUITests */,
				EE0FB6312BDD28D20074C615 /* Products */,
			);
			sourceTree = "<group>";
		};
		EE0FB6312BDD28D20074C615 /* Products */ = {
			isa = PBXGroup;
			children = (
				EE0FB6302BDD28D20074C615 /* moneygreen.app */,
				EE0FB6412BDD28D40074C615 /* moneygreenTests.xctest */,
				EE0FB64B2BDD28D40074C615 /* moneygreenUITests.xctest */,
			);
			name = Products;
			sourceTree = "<group>";
		};
		EE0FB6322BDD28D20074C615 /* moneygreen */ = {
			isa = PBXGroup;
			children = (
				EE0FB6332BDD28D20074C615 /* moneygreenApp.swift */,
				EE0FB6352BDD28D20074C615 /* ContentView.swift */,
				EE0FB6372BDD28D40074C615 /* Assets.xcassets */,
				EE0FB6392BDD28D40074C615 /* moneygreen.entitlements */,
				EE0FB63A2BDD28D40074C615 /* Preview Content */,
			);
			path = moneygreen;
			sourceTree = "<group>";
		};
		EE0FB63A2BDD28D40074C615 /* Preview Content */ = {
			isa = PBXGroup;
			children = (
				EE0FB63B2BDD28D40074C615 /* Preview Assets.xcassets */,
			);
			path = "Preview Content";
			sourceTree = "<group>";
		};
		EE0FB6442BDD28D40074C615 /* moneygreenTests */ = {
			isa = PBXGroup;
			children = (
				EE0FB6452BDD28D40074C615 /* moneygreenTests.swift */,
			);
			path = moneygreenTests;
			sourceTree = "<group>";
		};
		EE0FB64E2BDD28D40074C615 /* moneygreenUITests */ = {
			isa = PBXGroup;
			children = (
				EE0FB64F2BDD28D40074C615 /* moneygreenUITests.swift */,
				EE0FB6512BDD28D40074C615 /* moneygreenUITestsLaunchTests.swift */,
			);
			path = moneygreenUITests;
			sourceTree = "<group>";
		};
/* End PBXGroup section */

/* Begin PBXNativeTarget section */
		EE0FB62F2BDD28D20074C615 /* moneygreen */ = {
			isa = PBXNativeTarget;
			buildConfigurationList = EE0FB6552BDD28D40074C615 /* Build configuration list for PBXNativeTarget "moneygreen" */;
			buildPhases = (
				EE0FB62C2BDD28D20074C615 /* Sources */,
				EE0FB62D2BDD28D20074C615 /* Frameworks */,
				EE0FB62E2BDD28D20074C615 /* Resources */,
			);
			buildRules = (
			);
			dependencies = (
			);
			name = moneygreen;
			productName = moneygreen;
			productReference = EE0FB6302BDD28D20074C615 /* moneygreen.app */;
			productType = "com.apple.product-type.application";
		};
		EE0FB6402BDD28D40074C615 /* moneygreenTests */ = {
			isa = PBXNativeTarget;
			buildConfigurationList = EE0FB6582BDD28D40074C615 /* Build configuration list for PBXNativeTarget "moneygreenTests" */;
			buildPhases = (
				EE0FB63D2BDD28D40074C615 /* Sources */,
				EE0FB63E2BDD28D40074C615 /* Frameworks */,
				EE0FB63F2BDD28D40074C615 /* Resources */,
			);
			buildRules = (
			);
			dependencies = (
				EE0FB6432BDD28D40074C615 /* PBXTargetDependency */,
			);
			name = moneygreenTests;
			productName = moneygreenTests;
			productReference = EE0FB6412BDD28D40074C615 /* moneygreenTests.xctest */;
			productType = "com.apple.product-type.bundle.unit-test";
		};
		EE0FB64A2BDD28D40074C615 /* moneygreenUITests */ = {
			isa = PBXNativeTarget;
			buildConfigurationList = EE0FB65B2BDD28D40074C615 /* Build configuration list for PBXNativeTarget "moneygreenUITests" */;
			buildPhases = (
				EE0FB6472BDD28D40074C615 /* Sources */,
				EE0FB6482BDD28D40074C615 /* Frameworks */,
				EE0FB6492BDD28D40074C615 /* Resources */,
			);
			buildRules = (
			);
			dependencies = (
				EE0FB64D2BDD28D40074C615 /* PBXTargetDependency */,
			);
			name = moneygreenUITests;
			productName = moneygreenUITests;
			productReference = EE0FB64B2BDD28D40074C615 /* moneygreenUITests.xctest */;
			productType = "com.apple.product-type.bundle.ui-testing";
		};
/* End PBXNativeTarget section */

/* Begin PBXProject section */
		EE0FB6282BDD28D20074C615 /* Project object */ = {
			isa = PBXProject;
			attributes = {
				BuildIndependentTargetsInParallel = 1;
				LastSwiftUpdateCheck = 1530;
				LastUpgradeCheck = 1530;
				TargetAttributes = {
					EE0FB62F2BDD28D20074C615 = {
						CreatedOnToolsVersion = 15.3;
					};
					EE0FB6402BDD28D40074C615 = {
						CreatedOnToolsVersion = 15.3;
						TestTargetID = EE0FB62F2BDD28D20074C615;
					};
					EE0FB64A2BDD28D40074C615 = {
						CreatedOnToolsVersion = 15.3;
						TestTargetID = EE0FB62F2BDD28D20074C615;
					};
				};
			};
			buildConfigurationList = EE0FB62B2BDD28D20074C615 /* Build configuration list for PBXProject "moneygreen" */;
			compatibilityVersion = "Xcode 14.0";
			developmentRegion = en;
			hasScannedForEncodings = 0;
			knownRegions = (
				en,
				Base,
			);
			mainGroup = EE0FB6272BDD28D20074C615;
			productRefGroup = EE0FB6312BDD28D20074C615 /* Products */;
			projectDirPath = "";
			projectRoot = "";
			targets = (
				EE0FB62F2BDD28D20074C615 /* moneygreen */,
				EE0FB6402BDD28D40074C615 /* moneygreenTests */,
				EE0FB64A2BDD28D40074C615 /* moneygreenUITests */,
			);
		};
/* End PBXProject section */

/* Begin PBXResourcesBuildPhase section */
		EE0FB62E2BDD28D20074C615 /* Resources */ = {
			isa = PBXResourcesBuildPhase;
			buildActionMask = 2147483647;
			files = (
				EE0FB63C2BDD28D40074C615 /* Preview Assets.xcassets in Resources */,
				EE0FB6382BDD28D40074C615 /* Assets.xcassets in Resources */,
			);
			runOnlyForDeploymentPostprocessing = 0;
		};
		EE0FB63F2BDD28D40074C615 /* Resources */ = {
			isa = PBXResourcesBuildPhase;
			buildActionMask = 2147483647;
			files = (
			);
			runOnlyForDeploymentPostprocessing = 0;
		};
		EE0FB6492BDD28D40074C615 /* Resources */ = {
			isa = PBXResourcesBuildPhase;
			buildActionMask = 2147483647;
			files = (
			);
			runOnlyForDeploymentPostprocessing = 0;
		};
/* End PBXResourcesBuildPhase section */

/* Begin PBXSourcesBuildPhase section */
		EE0FB62C2BDD28D20074C615 /* Sources */ = {
			isa = PBXSourcesBuildPhase;
			buildActionMask = 2147483647;
			files = (
				EE0FB6362BDD28D20074C615 /* ContentView.swift in Sources */,
				EE0FB6342BDD28D20074C615 /* moneygreenApp.swift in Sources */,
			);
			runOnlyForDeploymentPostprocessing = 0;
		};
		EE0FB63D2BDD28D40074C615 /* Sources */ = {
			isa = PBXSourcesBuildPhase;
			buildActionMask = 2147483647;
			files = (
				EE0FB6462BDD28D40074C615 /* moneygreenTests.swift in Sources */,
			);
			runOnlyForDeploymentPostprocessing = 0;
		};
		EE0FB6472BDD28D40074C615 /* Sources */ = {
			isa = PBXSourcesBuildPhase;
			buildActionMask = 2147483647;
			files = (
				EE0FB6502BDD28D40074C615 /* moneygreenUITests.swift in Sources */,
				EE0FB6522BDD28D40074C615 /* moneygreenUITestsLaunchTests.swift in Sources */,
			);
			runOnlyForDeploymentPostprocessing = 0;
		};
/* End PBXSourcesBuildPhase section */

/* Begin PBXTargetDependency section */
		EE0FB6432BDD28D40074C615 /* PBXTargetDependency */ = {
			isa = PBXTargetDependency;
			target = EE0FB62F2BDD28D20074C615 /* moneygreen */;
			targetProxy = EE0FB6422BDD28D40074C615 /* PBXContainerItemProxy */;
		};
		EE0FB64D2BDD28D40074C615 /* PBXTargetDependency */ = {
			isa = PBXTargetDependency;
			target = EE0FB62F2BDD28D20074C615 /* moneygreen */;
			targetProxy = EE0FB64C2BDD28D40074C615 /* PBXContainerItemProxy */;
		};
/* End PBXTargetDependency section */

/* Begin XCBuildConfiguration section */
		EE0FB6532BDD28D40074C615 /* Debug */ = {
			isa = XCBuildConfiguration;
			buildSettings = {
				ALWAYS_SEARCH_USER_PATHS = NO;
				ASSETCATALOG_COMPILER_GENERATE_SWIFT_ASSET_SYMBOL_EXTENSIONS = YES;
				CLANG_ANALYZER_NONNULL = YES;
				CLANG_ANALYZER_NUMBER_OBJECT_CONVERSION = YES_AGGRESSIVE;
				CLANG_CXX_LANGUAGE_STANDARD = "gnu++20";
				CLANG_ENABLE_MODULES = YES;
				CLANG_ENABLE_OBJC_ARC = YES;
				CLANG_ENABLE_OBJC_WEAK = YES;
				CLANG_WARN_BLOCK_CAPTURE_AUTORELEASING = YES;
				CLANG_WARN_BOOL_CONVERSION = YES;
				CLANG_WARN_COMMA = YES;
				CLANG_WARN_CONSTANT_CONVERSION = YES;
				CLANG_WARN_DEPRECATED_OBJC_IMPLEMENTATIONS = YES;
				CLANG_WARN_DIRECT_OBJC_ISA_USAGE = YES_ERROR;
				CLANG_WARN_DOCUMENTATION_COMMENTS = YES;
				CLANG_WARN_EMPTY_BODY = YES;
				CLANG_WARN_ENUM_CONVERSION = YES;
				CLANG_WARN_INFINITE_RECURSION = YES;
				CLANG_WARN_INT_CONVERSION = YES;
				CLANG_WARN_NON_LITERAL_NULL_CONVERSION = YES;
				CLANG_WARN_OBJC_IMPLICIT_RETAIN_SELF = YES;
				CLANG_WARN_OBJC_LITERAL_CONVERSION = YES;
				CLANG_WARN_OBJC_ROOT_CLASS = YES_ERROR;
				CLANG_WARN_QUOTED_INCLUDE_IN_FRAMEWORK_HEADER = YES;
				CLANG_WARN_RANGE_LOOP_ANALYSIS = YES;
				CLANG_WARN_STRICT_PROTOTYPES = YES;
				CLANG_WARN_SUSPICIOUS_MOVE = YES;
				CLANG_WARN_UNGUARDED_AVAILABILITY = YES_AGGRESSIVE;
				CLANG_WARN_UNREACHABLE_CODE = YES;
				CLANG_WARN__DUPLICATE_METHOD_MATCH = YES;
				COPY_PHASE_STRIP = NO;
				DEBUG_INFORMATION_FORMAT = dwarf;
				ENABLE_STRICT_OBJC_MSGSEND = YES;
				ENABLE_TESTABILITY = YES;
				ENABLE_USER_SCRIPT_SANDBOXING = YES;
				GCC_C_LANGUAGE_STANDARD = gnu17;
				GCC_DYNAMIC_NO_PIC = NO;
				GCC_NO_COMMON_BLOCKS = YES;
				GCC_OPTIMIZATION_LEVEL = 0;
				GCC_PREPROCESSOR_DEFINITIONS = (
					"DEBUG=1",
					"$(inherited)",
				);
				GCC_WARN_64_TO_32_BIT_CONVERSION = YES;
				GCC_WARN_ABOUT_RETURN_TYPE = YES_ERROR;
				GCC_WARN_UNDECLARED_SELECTOR = YES;
				GCC_WARN_UNINITIALIZED_AUTOS = YES_AGGRESSIVE;
				GCC_WARN_UNUSED_FUNCTION = YES;
				GCC_WARN_UNUSED_VARIABLE = YES;
				LOCALIZATION_PREFERS_STRING_CATALOGS = YES;
				MTL_ENABLE_DEBUG_INFO = INCLUDE_SOURCE;
				MTL_FAST_MATH = YES;
				ONLY_ACTIVE_ARCH = YES;
				SWIFT_ACTIVE_COMPILATION_CONDITIONS = "DEBUG $(inherited)";
				SWIFT_OPTIMIZATION_LEVEL = "-Onone";
			};
			name = Debug;
		};
		EE0FB6542BDD28D40074C615 /* Release */ = {
			isa = XCBuildConfiguration;
			buildSettings = {
				ALWAYS_SEARCH_USER_PATHS = NO;
				ASSETCATALOG_COMPILER_GENERATE_SWIFT_ASSET_SYMBOL_EXTENSIONS = YES;
				CLANG_ANALYZER_NONNULL = YES;
				CLANG_ANALYZER_NUMBER_OBJECT_CONVERSION = YES_AGGRESSIVE;
				CLANG_CXX_LANGUAGE_STANDARD = "gnu++20";
				CLANG_ENABLE_MODULES = YES;
				CLANG_ENABLE_OBJC_ARC = YES;
				CLANG_ENABLE_OBJC_WEAK = YES;
				CLANG_WARN_BLOCK_CAPTURE_AUTORELEASING = YES;
				CLANG_WARN_BOOL_CONVERSION = YES;
				CLANG_WARN_COMMA = YES;
				CLANG_WARN_CONSTANT_CONVERSION = YES;
				CLANG_WARN_DEPRECATED_OBJC_IMPLEMENTATIONS = YES;
				CLANG_WARN_DIRECT_OBJC_ISA_USAGE = YES_ERROR;
				CLANG_WARN_DOCUMENTATION_COMMENTS = YES;
				CLANG_WARN_EMPTY_BODY = YES;
				CLANG_WARN_ENUM_CONVERSION = YES;
				CLANG_WARN_INFINITE_RECURSION = YES;
				CLANG_WARN_INT_CONVERSION = YES;
				CLANG_WARN_NON_LITERAL_NULL_CONVERSION = YES;
				CLANG_WARN_OBJC_IMPLICIT_RETAIN_SELF = YES;
				CLANG_WARN_OBJC_LITERAL_CONVERSION = YES;
				CLANG_WARN_OBJC_ROOT_CLASS = YES_ERROR;
				CLANG_WARN_QUOTED_INCLUDE_IN_FRAMEWORK_HEADER = YES;
				CLANG_WARN_RANGE_LOOP_ANALYSIS = YES;
				CLANG_WARN_STRICT_PROTOTYPES = YES;
				CLANG_WARN_SUSPICIOUS_MOVE = YES;
				CLANG_WARN_UNGUARDED_AVAILABILITY = YES_AGGRESSIVE;
				CLANG_WARN_UNREACHABLE_CODE = YES;
				CLANG_WARN__DUPLICATE_METHOD_MATCH = YES;
				COPY_PHASE_STRIP = NO;
				DEBUG_INFORMATION_FORMAT = "dwarf-with-dsym";
				ENABLE_NS_ASSERTIONS = NO;
				ENABLE_STRICT_OBJC_MSGSEND = YES;
				ENABLE_USER_SCRIPT_SANDBOXING = YES;
				GCC_C_LANGUAGE_STANDARD = gnu17;
				GCC_NO_COMMON_BLOCKS = YES;
				GCC_WARN_64_TO_32_BIT_CONVERSION = YES;
				GCC_WARN_ABOUT_RETURN_TYPE = YES_ERROR;
				GCC_WARN_UNDECLARED_SELECTOR = YES;
				GCC_WARN_UNINITIALIZED_AUTOS = YES_AGGRESSIVE;
				GCC_WARN_UNUSED_FUNCTION = YES;
				GCC_WARN_UNUSED_VARIABLE = YES;
				LOCALIZATION_PREFERS_STRING_CATALOGS = YES;
				MTL_ENABLE_DEBUG_INFO = NO;
				MTL_FAST_MATH = YES;
				SWIFT_COMPILATION_MODE = wholemodule;
			};
			name = Release;
		};
		EE0FB6562BDD28D40074C615 /* Debug */ = {
			isa = XCBuildConfiguration;
			buildSettings = {
				ASSETCATALOG_COMPILER_APPICON_NAME = AppIcon;
				ASSETCATALOG_COMPILER_GLOBAL_ACCENT_COLOR_NAME = AccentColor;
				CODE_SIGN_ENTITLEMENTS = moneygreen/moneygreen.entitlements;
				CODE_SIGN_STYLE = Automatic;
				CURRENT_PROJECT_VERSION = 1;
				DEVELOPMENT_ASSET_PATHS = "\"moneygreen/Preview Content\"";
				DEVELOPMENT_TEAM = ZYN5GN3436;
				ENABLE_HARDENED_RUNTIME = YES;
				ENABLE_PREVIEWS = YES;
				GENERATE_INFOPLIST_FILE = YES;
				"INFOPLIST_KEY_UIApplicationSceneManifest_Generation[sdk=iphoneos*]" = YES;
				"INFOPLIST_KEY_UIApplicationSceneManifest_Generation[sdk=iphonesimulator*]" = YES;
				"INFOPLIST_KEY_UIApplicationSupportsIndirectInputEvents[sdk=iphoneos*]" = YES;
				"INFOPLIST_KEY_UIApplicationSupportsIndirectInputEvents[sdk=iphonesimulator*]" = YES;
				"INFOPLIST_KEY_UILaunchScreen_Generation[sdk=iphoneos*]" = YES;
				"INFOPLIST_KEY_UILaunchScreen_Generation[sdk=iphonesimulator*]" = YES;
				"INFOPLIST_KEY_UIStatusBarStyle[sdk=iphoneos*]" = UIStatusBarStyleDefault;
				"INFOPLIST_KEY_UIStatusBarStyle[sdk=iphonesimulator*]" = UIStatusBarStyleDefault;
				INFOPLIST_KEY_UISupportedInterfaceOrientations_iPad = "UIInterfaceOrientationPortrait UIInterfaceOrientationPortraitUpsideDown UIInterfaceOrientationLandscapeLeft UIInterfaceOrientationLandscapeRight";
				INFOPLIST_KEY_UISupportedInterfaceOrientations_iPhone = "UIInterfaceOrientationPortrait UIInterfaceOrientationLandscapeLeft UIInterfaceOrientationLandscapeRight";
				IPHONEOS_DEPLOYMENT_TARGET = 17.4;
				LD_RUNPATH_SEARCH_PATHS = "@executable_path/Frameworks";
				"LD_RUNPATH_SEARCH_PATHS[sdk=macosx*]" = "@executable_path/../Frameworks";
				MACOSX_DEPLOYMENT_TARGET = 14.3;
				MARKETING_VERSION = 1.0;
				PRODUCT_BUNDLE_IDENTIFIER = com.harshitjain.moneygreen;
				PRODUCT_NAME = "$(TARGET_NAME)";
				SDKROOT = auto;
				SUPPORTED_PLATFORMS = "iphoneos iphonesimulator macosx";
				SWIFT_EMIT_LOC_STRINGS = YES;
				SWIFT_VERSION = 5.0;
				TARGETED_DEVICE_FAMILY = "1,2";
			};
			name = Debug;
		};
		EE0FB6572BDD28D40074C615 /* Release */ = {
			isa = XCBuildConfiguration;
			buildSettings = {
				ASSETCATALOG_COMPILER_APPICON_NAME = AppIcon;
				ASSETCATALOG_COMPILER_GLOBAL_ACCENT_COLOR_NAME = AccentColor;
				CODE_SIGN_ENTITLEMENTS = moneygreen/moneygreen.entitlements;
				CODE_SIGN_STYLE = Automatic;
				CURRENT_PROJECT_VERSION = 1;
				DEVELOPMENT_ASSET_PATHS = "\"moneygreen/Preview Content\"";
				DEVELOPMENT_TEAM = ZYN5GN3436;
				ENABLE_HARDENED_RUNTIME = YES;
				ENABLE_PREVIEWS = YES;
				GENERATE_INFOPLIST_FILE = YES;
				"INFOPLIST_KEY_UIApplicationSceneManifest_Generation[sdk=iphoneos*]" = YES;
				"INFOPLIST_KEY_UIApplicationSceneManifest_Generation[sdk=iphonesimulator*]" = YES;
				"INFOPLIST_KEY_UIApplicationSupportsIndirectInputEvents[sdk=iphoneos*]" = YES;
				"INFOPLIST_KEY_UIApplicationSupportsIndirectInputEvents[sdk=iphonesimulator*]" = YES;
				"INFOPLIST_KEY_UILaunchScreen_Generation[sdk=iphoneos*]" = YES;
				"INFOPLIST_KEY_UILaunchScreen_Generation[sdk=iphonesimulator*]" = YES;
				"INFOPLIST_KEY_UIStatusBarStyle[sdk=iphoneos*]" = UIStatusBarStyleDefault;
				"INFOPLIST_KEY_UIStatusBarStyle[sdk=iphonesimulator*]" = UIStatusBarStyleDefault;
				INFOPLIST_KEY_UISupportedInterfaceOrientations_iPad = "UIInterfaceOrientationPortrait UIInterfaceOrientationPortraitUpsideDown UIInterfaceOrientationLandscapeLeft UIInterfaceOrientationLandscapeRight";
				INFOPLIST_KEY_UISupportedInterfaceOrientations_iPhone = "UIInterfaceOrientationPortrait UIInterfaceOrientationLandscapeLeft UIInterfaceOrientationLandscapeRight";
				IPHONEOS_DEPLOYMENT_TARGET = 17.4;
				LD_RUNPATH_SEARCH_PATHS = "@executable_path/Frameworks";
				"LD_RUNPATH_SEARCH_PATHS[sdk=macosx*]" = "@executable_path/../Frameworks";
				MACOSX_DEPLOYMENT_TARGET = 14.3;
				MARKETING_VERSION = 1.0;
				PRODUCT_BUNDLE_IDENTIFIER = com.harshitjain.moneygreen;
				PRODUCT_NAME = "$(TARGET_NAME)";
				SDKROOT = auto;
				SUPPORTED_PLATFORMS = "iphoneos iphonesimulator macosx";
				SWIFT_EMIT_LOC_STRINGS = YES;
				SWIFT_VERSION = 5.0;
				TARGETED_DEVICE_FAMILY = "1,2";
			};
			name = Release;
		};
		EE0FB6592BDD28D40074C615 /* Debug */ = {
			isa = XCBuildConfiguration;
			buildSettings = {
				ALWAYS_EMBED_SWIFT_STANDARD_LIBRARIES = YES;
				BUNDLE_LOADER = "$(TEST_HOST)";
				CODE_SIGN_STYLE = Automatic;
				CURRENT_PROJECT_VERSION = 1;
				DEVELOPMENT_TEAM = ZYN5GN3436;
				GENERATE_INFOPLIST_FILE = YES;
				IPHONEOS_DEPLOYMENT_TARGET = 17.4;
				MACOSX_DEPLOYMENT_TARGET = 14.3;
				MARKETING_VERSION = 1.0;
				PRODUCT_BUNDLE_IDENTIFIER = com.harshitjain.moneygreenTests;
				PRODUCT_NAME = "$(TARGET_NAME)";
				SDKROOT = auto;
				SUPPORTED_PLATFORMS = "iphoneos iphonesimulator macosx";
				SWIFT_EMIT_LOC_STRINGS = NO;
				SWIFT_VERSION = 5.0;
				TARGETED_DEVICE_FAMILY = "1,2";
				TEST_HOST = "$(BUILT_PRODUCTS_DIR)/moneygreen.app/$(BUNDLE_EXECUTABLE_FOLDER_PATH)/moneygreen";
			};
			name = Debug;
		};
		EE0FB65A2BDD28D40074C615 /* Release */ = {
			isa = XCBuildConfiguration;
			buildSettings = {
				ALWAYS_EMBED_SWIFT_STANDARD_LIBRARIES = YES;
				BUNDLE_LOADER = "$(TEST_HOST)";
				CODE_SIGN_STYLE = Automatic;
				CURRENT_PROJECT_VERSION = 1;
				DEVELOPMENT_TEAM = ZYN5GN3436;
				GENERATE_INFOPLIST_FILE = YES;
				IPHONEOS_DEPLOYMENT_TARGET = 17.4;
				MACOSX_DEPLOYMENT_TARGET = 14.3;
				MARKETING_VERSION = 1.0;
				PRODUCT_BUNDLE_IDENTIFIER = com.harshitjain.moneygreenTests;
				PRODUCT_NAME = "$(TARGET_NAME)";
				SDKROOT = auto;
				SUPPORTED_PLATFORMS = "iphoneos iphonesimulator macosx";
				SWIFT_EMIT_LOC_STRINGS = NO;
				SWIFT_VERSION = 5.0;
				TARGETED_DEVICE_FAMILY = "1,2";
				TEST_HOST = "$(BUILT_PRODUCTS_DIR)/moneygreen.app/$(BUNDLE_EXECUTABLE_FOLDER_PATH)/moneygreen";
			};
			name = Release;
		};
		EE0FB65C2BDD28D40074C615 /* Debug */ = {
			isa = XCBuildConfiguration;
			buildSettings = {
				ALWAYS_EMBED_SWIFT_STANDARD_LIBRARIES = YES;
				CODE_SIGN_STYLE = Automatic;
				CURRENT_PROJECT_VERSION = 1;
				DEVELOPMENT_TEAM = ZYN5GN3436;
				GENERATE_INFOPLIST_FILE = YES;
				IPHONEOS_DEPLOYMENT_TARGET = 17.4;
				MACOSX_DEPLOYMENT_TARGET = 14.3;
				MARKETING_VERSION = 1.0;
				PRODUCT_BUNDLE_IDENTIFIER = com.harshitjain.moneygreenUITests;
				PRODUCT_NAME = "$(TARGET_NAME)";
				SDKROOT = auto;
				SUPPORTED_PLATFORMS = "iphoneos iphonesimulator macosx";
				SWIFT_EMIT_LOC_STRINGS = NO;
				SWIFT_VERSION = 5.0;
				TARGETED_DEVICE_FAMILY = "1,2";
				TEST_TARGET_NAME = moneygreen;
			};
			name = Debug;
		};
		EE0FB65D2BDD28D40074C615 /* Release */ = {
			isa = XCBuildConfiguration;
			buildSettings = {
				ALWAYS_EMBED_SWIFT_STANDARD_LIBRARIES = YES;
				CODE_SIGN_STYLE = Automatic;
				CURRENT_PROJECT_VERSION = 1;
				DEVELOPMENT_TEAM = ZYN5GN3436;
				GENERATE_INFOPLIST_FILE = YES;
				IPHONEOS_DEPLOYMENT_TARGET = 17.4;
				MACOSX_DEPLOYMENT_TARGET = 14.3;
				MARKETING_VERSION = 1.0;
				PRODUCT_BUNDLE_IDENTIFIER = com.harshitjain.moneygreenUITests;
				PRODUCT_NAME = "$(TARGET_NAME)";
				SDKROOT = auto;
				SUPPORTED_PLATFORMS = "iphoneos iphonesimulator macosx";
				SWIFT_EMIT_LOC_STRINGS = NO;
				SWIFT_VERSION = 5.0;
				TARGETED_DEVICE_FAMILY = "1,2";
				TEST_TARGET_NAME = moneygreen;
			};
			name = Release;
		};
/* End XCBuildConfiguration section */

/* Begin XCConfigurationList section */
		EE0FB62B2BDD28D20074C615 /* Build configuration list for PBXProject "moneygreen" */ = {
			isa = XCConfigurationList;
			buildConfigurations = (
				EE0FB6532BDD28D40074C615 /* Debug */,
				EE0FB6542BDD28D40074C615 /* Release */,
			);
			defaultConfigurationIsVisible = 0;
			defaultConfigurationName = Release;
		};
		EE0FB6552BDD28D40074C615 /* Build configuration list for PBXNativeTarget "moneygreen" */ = {
			isa = XCConfigurationList;
			buildConfigurations = (
				EE0FB6562BDD28D40074C615 /* Debug */,
				EE0FB6572BDD28D40074C615 /* Release */,
			);
			defaultConfigurationIsVisible = 0;
			defaultConfigurationName = Release;
		};
		EE0FB6582BDD28D40074C615 /* Build configuration list for PBXNativeTarget "moneygreenTests" */ = {
			isa = XCConfigurationList;
			buildConfigurations = (
				EE0FB6592BDD28D40074C615 /* Debug */,
				EE0FB65A2BDD28D40074C615 /* Release */,
			);
			defaultConfigurationIsVisible = 0;
			defaultConfigurationName = Release;
		};
		EE0FB65B2BDD28D40074C615 /* Build configuration list for PBXNativeTarget "moneygreenUITests" */ = {
			isa = XCConfigurationList;
			buildConfigurations = (
				EE0FB65C2BDD28D40074C615 /* Debug */,
				EE0FB65D2BDD28D40074C615 /* Release */,
			);
			defaultConfigurationIsVisible = 0;
			defaultConfigurationName = Release;
		};
/* End XCConfigurationList section */
	};
	rootObject = EE0FB6282BDD28D20074C615 /* Project object */;
}
